
Microsoft Visual Studio Solution File, Format Version 12.00
# Visual Studio Version 17
VisualStudioVersion = 17.1.32228.430
MinimumVisualStudioVersion = 10.0.40219.1
Project("{9A19103F-16F7-4668-BE54-9A1E7A4F7556}") = "ComplexNumberApp", "ComplexNumberApp.csproj", "{CDFA481B-8AA2-4CA2-B1C7-8C1E05B1DF9A}"
EndProject
Project("{9A19103F-16F7-4668-BE54-9A1E7A4F7556}") = "StudentApp", "..\StudentApp\StudentApp.csproj", "{F8669D1B-C465-4461-B33A-8F29F97427A3}"
EndProject
Project("{9A19103F-16F7-4668-BE54-9A1E7A4F7556}") = "GeometryFiguresApp", "..\GeometryFiguresApp\GeometryFiguresApp.csproj", "{F4F4C9DE-E647-4C60-8371-32D61696CD35}"
EndProject
Project("{2150E333-8FDC-42A3-9474-1A3956D46DE8}") = "LaboratoryWork1", "LaboratoryWork1", "{C1F74529-E4D6-4B51-95FD-6F63D99F5409}"
EndProject
Project("{2150E333-8FDC-42A3-9474-1A3956D46DE8}") = "LaboratoryWork2", "LaboratoryWork2", "{9AB106E7-7C39-422A-9B26-D27C517274C7}"
EndProject
Project("{2150E333-8FDC-42A3-9474-1A3956D46DE8}") = "LaboratoryWork3", "LaboratoryWork3", "{B041869D-FF9A-4B05-A7A1-FF44D94F865F}"
EndProject
Global
	GlobalSection(SolutionConfigurationPlatforms) = preSolution
		Debug|Any CPU = Debug|Any CPU
		Release|Any CPU = Release|Any CPU
	EndGlobalSection
	GlobalSection(ProjectConfigurationPlatforms) = postSolution
		{CDFA481B-8AA2-4CA2-B1C7-8C1E05B1DF9A}.Debug|Any CPU.ActiveCfg = Debug|Any CPU
		{CDFA481B-8AA2-4CA2-B1C7-8C1E05B1DF9A}.Debug|Any CPU.Build.0 = Debug|Any CPU
		{CDFA481B-8AA2-4CA2-B1C7-8C1E05B1DF9A}.Release|Any CPU.ActiveCfg = Release|Any CPU
		{CDFA481B-8AA2-4CA2-B1C7-8C1E05B1DF9A}.Release|Any CPU.Build.0 = Release|Any CPU
		{F8669D1B-C465-4461-B33A-8F29F97427A3}.Debug|Any CPU.ActiveCfg = Debug|Any CPU
		{F8669D1B-C465-4461-B33A-8F29F97427A3}.Debug|Any CPU.Build.0 = Debug|Any CPU
		{F8669D1B-C465-4461-B33A-8F29F97427A3}.Release|Any CPU.ActiveCfg = Release|Any CPU
		{F8669D1B-C465-4461-B33A-8F29F97427A3}.Release|Any CPU.Build.0 = Release|Any CPU
		{F4F4C9DE-E647-4C60-8371-32D61696CD35}.Debug|Any CPU.ActiveCfg = Debug|Any CPU
		{F4F4C9DE-E647-4C60-8371-32D61696CD35}.Debug|Any CPU.Build.0 = Debug|Any CPU
		{F4F4C9DE-E647-4C60-8371-32D61696CD35}.Release|Any CPU.ActiveCfg = Release|Any CPU
		{F4F4C9DE-E647-4C60-8371-32D61696CD35}.Release|Any CPU.Build.0 = Release|Any CPU
	EndGlobalSection
	GlobalSection(SolutionProperties) = preSolution
		HideSolutionNode = FALSE
	EndGlobalSection
	GlobalSection(NestedProjects) = preSolution
		{CDFA481B-8AA2-4CA2-B1C7-8C1E05B1DF9A} = {C1F74529-E4D6-4B51-95FD-6F63D99F5409}
		{F8669D1B-C465-4461-B33A-8F29F97427A3} = {C1F74529-E4D6-4B51-95FD-6F63D99F5409}
		{F4F4C9DE-E647-4C60-8371-32D61696CD35} = {9AB106E7-7C39-422A-9B26-D27C517274C7}
	EndGlobalSection
	GlobalSection(ExtensibilityGlobals) = postSolution
		SolutionGuid = {69BE9D72-ADA9-45DA-83BF-A225F5C46109}
	EndGlobalSection
EndGlobal
